
Microsoft Visual Studio Solution File, Format Version 12.00
# Visual Studio 15
Project("{FAE04EC0-301F-11D3-BF4B-00C04F79EFBC}") = "IvanovMR_WiFi", "IvanovMR_WiFi.csproj", "{01F88735-A5B1-43DC-8E6C-3AD8C4B7B570}"
EndProject
Global
	GlobalSection(SolutionConfigurationPlatforms) = preSolution
		Debug|Any CPU = Debug|Any CPU
		Release|Any CPU = Release|Any CPU
	EndGlobalSection
	GlobalSection(ProjectConfigurationPlatforms) = postSolution
		{01F88735-A5B1-43DC-8E6C-3AD8C4B7B570}.Debug|Any CPU.ActiveCfg = Debug|Any CPU
		{01F88735-A5B1-43DC-8E6C-3AD8C4B7B570}.Debug|Any CPU.Build.0 = Debug|Any CPU
		{01F88735-A5B1-43DC-8E6C-3AD8C4B7B570}.Release|Any CPU.ActiveCfg = Release|Any CPU
		{01F88735-A5B1-43DC-8E6C-3AD8C4B7B570}.Release|Any CPU.Build.0 = Release|Any CPU
	EndGlobalSection
EndGlobal
